<?xml version="1.0" encoding="utf-8"?>
<Project ToolsVersion="4.0" xmlns="http://schemas.microsoft.com/developer/msbuild/2003">
  <ItemGroup>
    <Filter Include="Source Files">
      <UniqueIdentifier>{4FC737F1-C7A5-4376-A066-2A32D752A2FF}</UniqueIdentifier>
      <Extensions>cpp;c;cc;cxx;def;odl;idl;hpj;bat;asm;asmx</Extensions>
    </Filter>
    <Filter Include="Header Files">
      <UniqueIdentifier>{93995380-89BD-4b04-88EB-625FBE52EBFB}</UniqueIdentifier>
      <Extensions>h;hh;hpp;hxx;hm;inl;inc;ipp;xsd</Extensions>
    </Filter>
    <Filter Include="Resource Files">
      <UniqueIdentifier>{67DA6AB6-F800-4c08-8B7A-83BB121AAD01}</UniqueIdentifier>
      <Extensions>rc;ico;cur;bmp;dlg;rc2;rct;bin;rgs;gif;jpg;jpeg;jpe;resx;tiff;tif;png;wav;mfcribbon-ms</Extensions>
    </Filter>
    <Filter Include="Source Files\HttpRequestInterface">
      <UniqueIdentifier>{81b50871-7e18-4b14-a367-240dfc0b0b23}</UniqueIdentifier>
    </Filter>
    <Filter Include="Header Files\HttpRequestInterface">
      <UniqueIdentifier>{2dab4868-cd1f-4b04-b5ad-7a9380cf449a}</UniqueIdentifier>
    </Filter>
    <Filter Include="Header Files\JsonParser">
      <UniqueIdentifier>{4ab00f5a-20ad-4293-b537-5b405f8bec98}</UniqueIdentifier>
    </Filter>
    <Filter Include="Source Files\JsonParser">
      <UniqueIdentifier>{de1d3966-bffc-4a20-9898-bfc7130cf9b1}</UniqueIdentifier>
    </Filter>
  </ItemGroup>
  <ItemGroup>
    <ClCompile Include="CurlTest.cpp">
      <Filter>Source Files\HttpRequestInterface</Filter>
    </ClCompile>
    <ClCompile Include="CurlRequestInterface.cpp">
      <Filter>Source Files\HttpRequestInterface</Filter>
    </ClCompile>
    <ClCompile Include="FakeRequestInterface.cpp">
      <Filter>Source Files\HttpRequestInterface</Filter>
    </ClCompile>
    <ClCompile Include="JsonParser.cpp">
      <Filter>Source Files\JsonParser</Filter>
    </ClCompile>
    <ClCompile Include="CurlRequestHandler.cpp">
      <Filter>Source Files\HttpRequestInterface</Filter>
    </ClCompile>
  </ItemGroup>
  <ItemGroup>
    <ClInclude Include="CurlRequestInterface.h">
      <Filter>Header Files\HttpRequestInterface</Filter>
    </ClInclude>
    <ClInclude Include="FakeRequestInterface.h">
      <Filter>Header Files\HttpRequestInterface</Filter>
    </ClInclude>
    <ClInclude Include="HttpRequestHandler.h">
      <Filter>Header Files\HttpRequestInterface</Filter>
    </ClInclude>
    <ClInclude Include="HttpRequestInterface.h">
      <Filter>Header Files\HttpRequestInterface</Filter>
    </ClInclude>
    <ClInclude Include="JsonParser.h">
      <Filter>Header Files\JsonParser</Filter>
    </ClInclude>
    <ClInclude Include="CurlRequestHandler.h">
      <Filter>Header Files\HttpRequestInterface</Filter>
    </ClInclude>
  </ItemGroup>
</Project>